{
    "_readme": [
        "This file locks the dependencies of your project to a known state",
        "Read more about it at https://getcomposer.org/doc/01-basic-usage.md#installing-dependencies",
        "This file is @generated automatically"
    ],
    "content-hash": "944264c48f40cf1060253354356b5d78",
    "packages": [
        {
            "name": "mattketmo/email-checker",
            "version": "2.1.2",
            "source": {
                "type": "git",
                "url": "https://github.com/MattKetmo/EmailChecker.git",
                "reference": "2d3c78e221297c67efd9cd3940e515dc8721599f"
            },
            "dist": {
                "type": "zip",
                "url": "https://api.github.com/repos/MattKetmo/EmailChecker/zipball/2d3c78e221297c67efd9cd3940e515dc8721599f",
                "reference": "2d3c78e221297c67efd9cd3940e515dc8721599f",
                "shasum": "",
                "mirrors": [
                    {
                        "url": "https://mirrors.aliyun.com/composer/dists/%package%/%reference%.%type%",
                        "preferred": true
                    }
                ]
            },
            "require": {
                "php": "^7.1 || ^8.0"
            },
            "require-dev": {
                "friendsofphp/php-cs-fixer": "^2.18",
                "illuminate/support": "^5.0 || ^6.0 || ^7.0 || ^8.0",
                "knplabs/gaufrette": "^0.10",
                "phpunit/phpunit": "^7.5 || ^9.5",
                "symfony/validator": "^3.0 || ^4.0 || ^5.0"
            },
            "suggest": {
                "knplabs/gaufrette": "Use filesystem abstraction layer to read data",
                "symfony/validator": "Add validation constraints"
            },
            "type": "library",
            "extra": {
                "laravel": {
                    "providers": [
                        "EmailChecker\\Laravel\\EmailCheckerServiceProvider"
                    ],
                    "aliases": {
                        "EmailChecker": "EmailChecker\\Laravel\\EmailCheckerFacade"
                    }
                }
            },
            "autoload": {
                "psr-4": {
                    "EmailChecker\\": "src/EmailChecker"
                }
            },
            "notification-url": "https://packagist.org/downloads/",
            "license": [
                "MIT"
            ],
            "authors": [
                {
                    "name": "Matthieu Moquet",
                    "email": "matthieu@moquet.net"
                }
            ],
            "description": "Throwaway email detection library",
            "keywords": [
                "check",
                "disposable",
                "email",
                "throwaway"
            ],
            "support": {
                "issues": "https://github.com/MattKetmo/EmailChecker/issues",
                "source": "https://github.com/MattKetmo/EmailChecker/tree/2.1.2"
            },
            "time": "2023-01-10T17:35:32+00:00"
        },
        {
            "name": "php-curl-class/php-curl-class",
            "version": "9.14.3",
            "source": {
                "type": "git",
                "url": "https://github.com/php-curl-class/php-curl-class.git",
                "reference": "5d87676a3a7f83dd33d65f3c8d97f36679305193"
            },
            "dist": {
                "type": "zip",
                "url": "https://api.github.com/repos/php-curl-class/php-curl-class/zipball/5d87676a3a7f83dd33d65f3c8d97f36679305193",
                "reference": "5d87676a3a7f83dd33d65f3c8d97f36679305193",
                "shasum": "",
                "mirrors": [
                    {
                        "url": "https://mirrors.aliyun.com/composer/dists/%package%/%reference%.%type%",
                        "preferred": true
                    }
                ]
            },
            "require": {
                "ext-curl": "*",
                "php": ">=7.0"
            },
            "require-dev": {
                "dealerdirect/phpcodesniffer-composer-installer": "*",
                "ext-gd": "*",
                "phpcompatibility/php-compatibility": "dev-develop",
                "phpcsstandards/phpcsutils": "@alpha",
                "phpunit/phpunit": "*",
                "squizlabs/php_codesniffer": "*",
                "vimeo/psalm": "*"
            },
            "suggest": {
                "ext-mbstring": "*"
            },
            "type": "library",
            "autoload": {
                "psr-4": {
                    "Curl\\": "src/Curl/"
                }
            },
            "notification-url": "https://packagist.org/downloads/",
            "license": [
                "Unlicense"
            ],
            "authors": [
                {
                    "name": "Zach Borboa"
                }
            ],
            "description": "PHP Curl Class makes it easy to send HTTP requests and integrate with web APIs.",
            "homepage": "https://github.com/php-curl-class/php-curl-class",
            "keywords": [
                "API-Client",
                "api",
                "class",
                "client",
                "curl",
                "framework",
                "http",
                "http-client",
                "http-proxy",
                "json",
                "php",
                "php-curl",
                "php-curl-library",
                "proxy",
                "requests",
                "restful",
                "web-scraper",
                "web-scraping ",
                "web-service",
                "xml"
            ],
            "support": {
                "issues": "https://github.com/php-curl-class/php-curl-class/issues",
                "source": "https://github.com/php-curl-class/php-curl-class/tree/9.14.3"
            },
            "time": "2023-03-13T18:02:56+00:00"
        }
    ],
    "packages-dev": [],
    "aliases": [],
    "minimum-stability": "stable",
    "stability-flags": [],
    "prefer-stable": false,
    "prefer-lowest": false,
    "platform": [],
    "platform-dev": [],
    "plugin-api-version": "2.3.0"
}
